Microsoft Visual Studio Solution File, Format Version 8.00
Project("{8BC9CEB8-8B4A-11D0-8D11-00A0C91BC942}") = "CTA700", "Cta700.vcproj", "{A3E1379C-9879-499E-9D4D-B7811B9A2E3A}"
	ProjectSection(ProjectDependencies) = postProject
	EndProjectSection
EndProject
Project("{8BC9CEB8-8B4A-11D0-8D11-00A0C91BC942}") = "YMResource_English", "..\YMResource_English\YMResource_English.vcproj", "{A221E473-52FD-49E9-B54A-209939304348}"
	ProjectSection(ProjectDependencies) = postProject
	EndProjectSection
EndProject
Project("{8BC9CEB8-8B4A-11D0-8D11-00A0C91BC942}") = "YMResource_SQL_N", "..\YMRESOURCE_SQL_YNG\YMResource_SQL_N.vcproj", "{309AF14A-BEE1-4647-8D0C-BE5CFE08F107}"
	ProjectSection(ProjectDependencies) = postProject
	EndProjectSection
EndProject
Project("{8BC9CEB8-8B4A-11D0-8D11-00A0C91BC942}") = "YMResource_MoteurVNL", "..\YmResource_MoteurVNL\YMResource_MoteurVNL.vcproj", "{1B8E9DE3-BE05-4CBE-A068-EDAAEB4E725A}"
	ProjectSection(ProjectDependencies) = postProject
	EndProjectSection
EndProject
Project("{8BC9CEB8-8B4A-11D0-8D11-00A0C91BC942}") = "YMResource_SQL_J", "..\YMRESOURCE_SQL_ALLEO\YMResource_SQL_J.vcproj", "{309AF14A-BEE1-4647-8D0C-BE5CFE08F234}"
	ProjectSection(ProjectDependencies) = postProject
	EndProjectSection
EndProject
Project("{8BC9CEB8-8B4A-11D0-8D11-00A0C91BC942}") = "YMResource_SQL_A", "..\YMRESOURCE_SQL_AUTOTRAIN\YMResource_SQL_A.vcproj", "{309AF14A-BEE1-4647-8D0C-BE5CFE08F107}"
	ProjectSection(ProjectDependencies) = postProject
	EndProjectSection
EndProject
Project("{8BC9CEB8-8B4A-11D0-8D11-00A0C91BC942}") = "YMResource_SQL_T", "..\YMRESOURCE_SQL_THALYS\YMResource_SQL_T.vcproj", "{309AF14A-BEE1-4647-8D0C-BE5CFE08F234}"
	ProjectSection(ProjectDependencies) = postProject
	EndProjectSection
EndProject
Project("{8BC9CEB8-8B4A-11D0-8D11-00A0C91BC942}") = "YMResource_French", "..\YmResource_French\YMResource_French.vcproj", "{62A36C61-F5CE-4F62-8EB8-1B02DC540E49}"
	ProjectSection(ProjectDependencies) = postProject
	EndProjectSection
EndProject
Project("{8BC9CEB8-8B4A-11D0-8D11-00A0C91BC942}") = "YMIC", "..\YmIc\YMIC.vcproj", "{724E4E14-40F9-4137-AE1B-436355F10FC0}"
	ProjectSection(ProjectDependencies) = postProject
	EndProjectSection
EndProject
Project("{8BC9CEB8-8B4A-11D0-8D11-00A0C91BC942}") = "YmIcDte", "..\YmIcDte\YmIcDte.vcproj", "{B4851587-DFF7-46C2-AACC-058C26E0BB3B}"
	ProjectSection(ProjectDependencies) = postProject
	EndProjectSection
EndProject
Project("{8BC9CEB8-8B4A-11D0-8D11-00A0C91BC942}") = "YMIncludes", "..\YMIncludes\YMIncludes.vcproj", "{6F78CFC0-A207-4FA3-B718-FF43BFF0392C}"
	ProjectSection(ProjectDependencies) = postProject
	EndProjectSection
EndProject
Global
	GlobalSection(SolutionConfiguration) = preSolution
		Debug ALLEO = Debug ALLEO
		Debug SNCF = Debug SNCF
		Debug THALYS = Debug THALYS
		Debug TRAIN AUTO = Debug TRAIN AUTO
		Debug T-RESA = Debug T-RESA
		Release = Release
		Release ALLEO = Release ALLEO
		Release MinDependency = Release MinDependency
		Release MinSize = Release MinSize
		Release SNCF = Release SNCF
		Release TRAIN AUTO = Release TRAIN AUTO
		Release T-RESA = Release T-RESA
		Unicode Debug = Unicode Debug
		Unicode Release MinDependency = Unicode Release MinDependency
		Unicode Release MinSize = Unicode Release MinSize
	EndGlobalSection
	GlobalSection(ProjectConfiguration) = postSolution
		{A3E1379C-9879-499E-9D4D-B7811B9A2E3A}.Debug ALLEO.ActiveCfg = Debug SATC ALLEO|Win32
		{A3E1379C-9879-499E-9D4D-B7811B9A2E3A}.Debug ALLEO.Build.0 = Debug SATC ALLEO|Win32
		{A3E1379C-9879-499E-9D4D-B7811B9A2E3A}.Debug SNCF.ActiveCfg = Debug SATC SNCF|Win32
		{A3E1379C-9879-499E-9D4D-B7811B9A2E3A}.Debug SNCF.Build.0 = Debug SATC SNCF|Win32
		{A3E1379C-9879-499E-9D4D-B7811B9A2E3A}.Debug THALYS.ActiveCfg = Debug SATC THALYS|Win32
		{A3E1379C-9879-499E-9D4D-B7811B9A2E3A}.Debug THALYS.Build.0 = Debug SATC THALYS|Win32
		{A3E1379C-9879-499E-9D4D-B7811B9A2E3A}.Debug TRAIN AUTO.ActiveCfg = Debug SATC TRAIN AUTO|Win32
		{A3E1379C-9879-499E-9D4D-B7811B9A2E3A}.Debug TRAIN AUTO.Build.0 = Debug SATC TRAIN AUTO|Win32
		{A3E1379C-9879-499E-9D4D-B7811B9A2E3A}.Debug T-RESA.ActiveCfg = Debug T-RESA|Win32
		{A3E1379C-9879-499E-9D4D-B7811B9A2E3A}.Debug T-RESA.Build.0 = Debug T-RESA|Win32
		{A3E1379C-9879-499E-9D4D-B7811B9A2E3A}.Release.ActiveCfg = Release SNCF|Win32
		{A3E1379C-9879-499E-9D4D-B7811B9A2E3A}.Release.Build.0 = Release SNCF|Win32
		{A3E1379C-9879-499E-9D4D-B7811B9A2E3A}.Release ALLEO.ActiveCfg = Release ALLEO|Win32
		{A3E1379C-9879-499E-9D4D-B7811B9A2E3A}.Release ALLEO.Build.0 = Release ALLEO|Win32
		{A3E1379C-9879-499E-9D4D-B7811B9A2E3A}.Release MinDependency.ActiveCfg = Debug SATC TRAIN AUTO|Win32
		{A3E1379C-9879-499E-9D4D-B7811B9A2E3A}.Release MinDependency.Build.0 = Debug SATC TRAIN AUTO|Win32
		{A3E1379C-9879-499E-9D4D-B7811B9A2E3A}.Release MinSize.ActiveCfg = Debug SATC TRAIN AUTO|Win32
		{A3E1379C-9879-499E-9D4D-B7811B9A2E3A}.Release MinSize.Build.0 = Debug SATC TRAIN AUTO|Win32
		{A3E1379C-9879-499E-9D4D-B7811B9A2E3A}.Release SNCF.ActiveCfg = Release SNCF|Win32
		{A3E1379C-9879-499E-9D4D-B7811B9A2E3A}.Release SNCF.Build.0 = Release SNCF|Win32
		{A3E1379C-9879-499E-9D4D-B7811B9A2E3A}.Release TRAIN AUTO.ActiveCfg = Release TRAIN AUTO|Win32
		{A3E1379C-9879-499E-9D4D-B7811B9A2E3A}.Release TRAIN AUTO.Build.0 = Release TRAIN AUTO|Win32
		{A3E1379C-9879-499E-9D4D-B7811B9A2E3A}.Release T-RESA.ActiveCfg = Release T-RESA|Win32
		{A3E1379C-9879-499E-9D4D-B7811B9A2E3A}.Release T-RESA.Build.0 = Release T-RESA|Win32
		{A3E1379C-9879-499E-9D4D-B7811B9A2E3A}.Unicode Debug.ActiveCfg = Debug SATC TRAIN AUTO|Win32
		{A3E1379C-9879-499E-9D4D-B7811B9A2E3A}.Unicode Debug.Build.0 = Debug SATC TRAIN AUTO|Win32
		{A3E1379C-9879-499E-9D4D-B7811B9A2E3A}.Unicode Release MinDependency.ActiveCfg = Debug SATC TRAIN AUTO|Win32
		{A3E1379C-9879-499E-9D4D-B7811B9A2E3A}.Unicode Release MinDependency.Build.0 = Debug SATC TRAIN AUTO|Win32
		{A3E1379C-9879-499E-9D4D-B7811B9A2E3A}.Unicode Release MinSize.ActiveCfg = Debug SATC TRAIN AUTO|Win32
		{A3E1379C-9879-499E-9D4D-B7811B9A2E3A}.Unicode Release MinSize.Build.0 = Debug SATC TRAIN AUTO|Win32
		{A221E473-52FD-49E9-B54A-209939304348}.Debug ALLEO.ActiveCfg = Debug|Win32
		{A221E473-52FD-49E9-B54A-209939304348}.Debug ALLEO.Build.0 = Debug|Win32
		{A221E473-52FD-49E9-B54A-209939304348}.Debug SNCF.ActiveCfg = Debug|Win32
		{A221E473-52FD-49E9-B54A-209939304348}.Debug SNCF.Build.0 = Debug|Win32
		{A221E473-52FD-49E9-B54A-209939304348}.Debug THALYS.ActiveCfg = Debug|Win32
		{A221E473-52FD-49E9-B54A-209939304348}.Debug THALYS.Build.0 = Debug|Win32
		{A221E473-52FD-49E9-B54A-209939304348}.Debug TRAIN AUTO.ActiveCfg = Debug|Win32
		{A221E473-52FD-49E9-B54A-209939304348}.Debug TRAIN AUTO.Build.0 = Debug|Win32
		{A221E473-52FD-49E9-B54A-209939304348}.Debug T-RESA.ActiveCfg = Debug|Win32
		{A221E473-52FD-49E9-B54A-209939304348}.Debug T-RESA.Build.0 = Debug|Win32
		{A221E473-52FD-49E9-B54A-209939304348}.Release.ActiveCfg = Release SNCF|Win32
		{A221E473-52FD-49E9-B54A-209939304348}.Release.Build.0 = Release SNCF|Win32
		{A221E473-52FD-49E9-B54A-209939304348}.Release ALLEO.ActiveCfg = Release ALLEO|Win32
		{A221E473-52FD-49E9-B54A-209939304348}.Release ALLEO.Build.0 = Release ALLEO|Win32
		{A221E473-52FD-49E9-B54A-209939304348}.Release MinDependency.ActiveCfg = Debug|Win32
		{A221E473-52FD-49E9-B54A-209939304348}.Release MinDependency.Build.0 = Debug|Win32
		{A221E473-52FD-49E9-B54A-209939304348}.Release MinSize.ActiveCfg = Debug|Win32
		{A221E473-52FD-49E9-B54A-209939304348}.Release MinSize.Build.0 = Debug|Win32
		{A221E473-52FD-49E9-B54A-209939304348}.Release SNCF.ActiveCfg = Release SNCF|Win32
		{A221E473-52FD-49E9-B54A-209939304348}.Release SNCF.Build.0 = Release SNCF|Win32
		{A221E473-52FD-49E9-B54A-209939304348}.Release TRAIN AUTO.ActiveCfg = Release TRAIN AUTO|Win32
		{A221E473-52FD-49E9-B54A-209939304348}.Release TRAIN AUTO.Build.0 = Release TRAIN AUTO|Win32
		{A221E473-52FD-49E9-B54A-209939304348}.Release T-RESA.ActiveCfg = Release T-RESA|Win32
		{A221E473-52FD-49E9-B54A-209939304348}.Release T-RESA.Build.0 = Release T-RESA|Win32
		{A221E473-52FD-49E9-B54A-209939304348}.Unicode Debug.ActiveCfg = Debug|Win32
		{A221E473-52FD-49E9-B54A-209939304348}.Unicode Debug.Build.0 = Debug|Win32
		{A221E473-52FD-49E9-B54A-209939304348}.Unicode Release MinDependency.ActiveCfg = Debug|Win32
		{A221E473-52FD-49E9-B54A-209939304348}.Unicode Release MinDependency.Build.0 = Debug|Win32
		{A221E473-52FD-49E9-B54A-209939304348}.Unicode Release MinSize.ActiveCfg = Debug|Win32
		{A221E473-52FD-49E9-B54A-209939304348}.Unicode Release MinSize.Build.0 = Debug|Win32
		{309AF14A-BEE1-4647-8D0C-BE5CFE08F107}.Debug ALLEO.ActiveCfg = Debug|Win32
		{309AF14A-BEE1-4647-8D0C-BE5CFE08F107}.Debug ALLEO.Build.0 = Debug|Win32
		{309AF14A-BEE1-4647-8D0C-BE5CFE08F107}.Debug SNCF.ActiveCfg = Debug|Win32
		{309AF14A-BEE1-4647-8D0C-BE5CFE08F107}.Debug SNCF.Build.0 = Debug|Win32
		{309AF14A-BEE1-4647-8D0C-BE5CFE08F107}.Debug THALYS.ActiveCfg = Debug|Win32
		{309AF14A-BEE1-4647-8D0C-BE5CFE08F107}.Debug THALYS.Build.0 = Debug|Win32
		{309AF14A-BEE1-4647-8D0C-BE5CFE08F107}.Debug TRAIN AUTO.ActiveCfg = Debug|Win32
		{309AF14A-BEE1-4647-8D0C-BE5CFE08F107}.Debug TRAIN AUTO.Build.0 = Debug|Win32
		{309AF14A-BEE1-4647-8D0C-BE5CFE08F107}.Debug T-RESA.ActiveCfg = Debug|Win32
		{309AF14A-BEE1-4647-8D0C-BE5CFE08F107}.Debug T-RESA.Build.0 = Debug|Win32
		{309AF14A-BEE1-4647-8D0C-BE5CFE08F107}.Release.ActiveCfg = Release SNCF|Win32
		{309AF14A-BEE1-4647-8D0C-BE5CFE08F107}.Release.Build.0 = Release SNCF|Win32
		{309AF14A-BEE1-4647-8D0C-BE5CFE08F107}.Release ALLEO.ActiveCfg = Release ALLEO|Win32
		{309AF14A-BEE1-4647-8D0C-BE5CFE08F107}.Release ALLEO.Build.0 = Release ALLEO|Win32
		{309AF14A-BEE1-4647-8D0C-BE5CFE08F107}.Release MinDependency.ActiveCfg = Debug|Win32
		{309AF14A-BEE1-4647-8D0C-BE5CFE08F107}.Release MinDependency.Build.0 = Debug|Win32
		{309AF14A-BEE1-4647-8D0C-BE5CFE08F107}.Release MinSize.ActiveCfg = Debug|Win32
		{309AF14A-BEE1-4647-8D0C-BE5CFE08F107}.Release MinSize.Build.0 = Debug|Win32
		{309AF14A-BEE1-4647-8D0C-BE5CFE08F107}.Release SNCF.ActiveCfg = Release SNCF|Win32
		{309AF14A-BEE1-4647-8D0C-BE5CFE08F107}.Release SNCF.Build.0 = Release SNCF|Win32
		{309AF14A-BEE1-4647-8D0C-BE5CFE08F107}.Release TRAIN AUTO.ActiveCfg = Release TRAIN AUTO|Win32
		{309AF14A-BEE1-4647-8D0C-BE5CFE08F107}.Release TRAIN AUTO.Build.0 = Release TRAIN AUTO|Win32
		{309AF14A-BEE1-4647-8D0C-BE5CFE08F107}.Release T-RESA.ActiveCfg = Release T-RESA|Win32
		{309AF14A-BEE1-4647-8D0C-BE5CFE08F107}.Release T-RESA.Build.0 = Release T-RESA|Win32
		{309AF14A-BEE1-4647-8D0C-BE5CFE08F107}.Unicode Debug.ActiveCfg = Debug|Win32
		{309AF14A-BEE1-4647-8D0C-BE5CFE08F107}.Unicode Debug.Build.0 = Debug|Win32
		{309AF14A-BEE1-4647-8D0C-BE5CFE08F107}.Unicode Release MinDependency.ActiveCfg = Debug|Win32
		{309AF14A-BEE1-4647-8D0C-BE5CFE08F107}.Unicode Release MinDependency.Build.0 = Debug|Win32
		{309AF14A-BEE1-4647-8D0C-BE5CFE08F107}.Unicode Release MinSize.ActiveCfg = Debug|Win32
		{309AF14A-BEE1-4647-8D0C-BE5CFE08F107}.Unicode Release MinSize.Build.0 = Debug|Win32
		{1B8E9DE3-BE05-4CBE-A068-EDAAEB4E725A}.Debug ALLEO.ActiveCfg = Debug|Win32
		{1B8E9DE3-BE05-4CBE-A068-EDAAEB4E725A}.Debug ALLEO.Build.0 = Debug|Win32
		{1B8E9DE3-BE05-4CBE-A068-EDAAEB4E725A}.Debug SNCF.ActiveCfg = Debug|Win32
		{1B8E9DE3-BE05-4CBE-A068-EDAAEB4E725A}.Debug SNCF.Build.0 = Debug|Win32
		{1B8E9DE3-BE05-4CBE-A068-EDAAEB4E725A}.Debug THALYS.ActiveCfg = Debug|Win32
		{1B8E9DE3-BE05-4CBE-A068-EDAAEB4E725A}.Debug THALYS.Build.0 = Debug|Win32
		{1B8E9DE3-BE05-4CBE-A068-EDAAEB4E725A}.Debug TRAIN AUTO.ActiveCfg = Debug|Win32
		{1B8E9DE3-BE05-4CBE-A068-EDAAEB4E725A}.Debug TRAIN AUTO.Build.0 = Debug|Win32
		{1B8E9DE3-BE05-4CBE-A068-EDAAEB4E725A}.Debug T-RESA.ActiveCfg = Debug|Win32
		{1B8E9DE3-BE05-4CBE-A068-EDAAEB4E725A}.Debug T-RESA.Build.0 = Debug|Win32
		{1B8E9DE3-BE05-4CBE-A068-EDAAEB4E725A}.Release.ActiveCfg = Release SNCF|Win32
		{1B8E9DE3-BE05-4CBE-A068-EDAAEB4E725A}.Release.Build.0 = Release SNCF|Win32
		{1B8E9DE3-BE05-4CBE-A068-EDAAEB4E725A}.Release ALLEO.ActiveCfg = Release ALLEO|Win32
		{1B8E9DE3-BE05-4CBE-A068-EDAAEB4E725A}.Release ALLEO.Build.0 = Release ALLEO|Win32
		{1B8E9DE3-BE05-4CBE-A068-EDAAEB4E725A}.Release MinDependency.ActiveCfg = Release MinDependency|Win32
		{1B8E9DE3-BE05-4CBE-A068-EDAAEB4E725A}.Release MinDependency.Build.0 = Release MinDependency|Win32
		{1B8E9DE3-BE05-4CBE-A068-EDAAEB4E725A}.Release MinSize.ActiveCfg = Release MinSize|Win32
		{1B8E9DE3-BE05-4CBE-A068-EDAAEB4E725A}.Release MinSize.Build.0 = Release MinSize|Win32
		{1B8E9DE3-BE05-4CBE-A068-EDAAEB4E725A}.Release SNCF.ActiveCfg = Release SNCF|Win32
		{1B8E9DE3-BE05-4CBE-A068-EDAAEB4E725A}.Release SNCF.Build.0 = Release SNCF|Win32
		{1B8E9DE3-BE05-4CBE-A068-EDAAEB4E725A}.Release TRAIN AUTO.ActiveCfg = Release TRAIN AUTO|Win32
		{1B8E9DE3-BE05-4CBE-A068-EDAAEB4E725A}.Release TRAIN AUTO.Build.0 = Release TRAIN AUTO|Win32
		{1B8E9DE3-BE05-4CBE-A068-EDAAEB4E725A}.Release T-RESA.ActiveCfg = Release T-RESA|Win32
		{1B8E9DE3-BE05-4CBE-A068-EDAAEB4E725A}.Release T-RESA.Build.0 = Release T-RESA|Win32
		{1B8E9DE3-BE05-4CBE-A068-EDAAEB4E725A}.Unicode Debug.ActiveCfg = Unicode Debug|Win32
		{1B8E9DE3-BE05-4CBE-A068-EDAAEB4E725A}.Unicode Debug.Build.0 = Unicode Debug|Win32
		{1B8E9DE3-BE05-4CBE-A068-EDAAEB4E725A}.Unicode Release MinDependency.ActiveCfg = Unicode Release MinDependency|Win32
		{1B8E9DE3-BE05-4CBE-A068-EDAAEB4E725A}.Unicode Release MinDependency.Build.0 = Unicode Release MinDependency|Win32
		{1B8E9DE3-BE05-4CBE-A068-EDAAEB4E725A}.Unicode Release MinSize.ActiveCfg = Unicode Release MinSize|Win32
		{1B8E9DE3-BE05-4CBE-A068-EDAAEB4E725A}.Unicode Release MinSize.Build.0 = Unicode Release MinSize|Win32
		{309AF14A-BEE1-4647-8D0C-BE5CFE08F234}.Debug ALLEO.ActiveCfg = Debug|Win32
		{309AF14A-BEE1-4647-8D0C-BE5CFE08F234}.Debug ALLEO.Build.0 = Debug|Win32
		{309AF14A-BEE1-4647-8D0C-BE5CFE08F234}.Debug SNCF.ActiveCfg = Debug|Win32
		{309AF14A-BEE1-4647-8D0C-BE5CFE08F234}.Debug SNCF.Build.0 = Debug|Win32
		{309AF14A-BEE1-4647-8D0C-BE5CFE08F234}.Debug THALYS.ActiveCfg = Debug|Win32
		{309AF14A-BEE1-4647-8D0C-BE5CFE08F234}.Debug THALYS.Build.0 = Debug|Win32
		{309AF14A-BEE1-4647-8D0C-BE5CFE08F234}.Debug TRAIN AUTO.ActiveCfg = Debug|Win32
		{309AF14A-BEE1-4647-8D0C-BE5CFE08F234}.Debug TRAIN AUTO.Build.0 = Debug|Win32
		{309AF14A-BEE1-4647-8D0C-BE5CFE08F234}.Debug T-RESA.ActiveCfg = Debug|Win32
		{309AF14A-BEE1-4647-8D0C-BE5CFE08F234}.Debug T-RESA.Build.0 = Debug|Win32
		{309AF14A-BEE1-4647-8D0C-BE5CFE08F234}.Release.ActiveCfg = Release SNCF|Win32
		{309AF14A-BEE1-4647-8D0C-BE5CFE08F234}.Release.Build.0 = Release SNCF|Win32
		{309AF14A-BEE1-4647-8D0C-BE5CFE08F234}.Release ALLEO.ActiveCfg = Release ALLEO|Win32
		{309AF14A-BEE1-4647-8D0C-BE5CFE08F234}.Release ALLEO.Build.0 = Release ALLEO|Win32
		{309AF14A-BEE1-4647-8D0C-BE5CFE08F234}.Release MinDependency.ActiveCfg = Debug|Win32
		{309AF14A-BEE1-4647-8D0C-BE5CFE08F234}.Release MinDependency.Build.0 = Debug|Win32
		{309AF14A-BEE1-4647-8D0C-BE5CFE08F234}.Release MinSize.ActiveCfg = Debug|Win32
		{309AF14A-BEE1-4647-8D0C-BE5CFE08F234}.Release MinSize.Build.0 = Debug|Win32
		{309AF14A-BEE1-4647-8D0C-BE5CFE08F234}.Release SNCF.ActiveCfg = Release SNCF|Win32
		{309AF14A-BEE1-4647-8D0C-BE5CFE08F234}.Release SNCF.Build.0 = Release SNCF|Win32
		{309AF14A-BEE1-4647-8D0C-BE5CFE08F234}.Release TRAIN AUTO.ActiveCfg = Release TRAIN AUTO|Win32
		{309AF14A-BEE1-4647-8D0C-BE5CFE08F234}.Release TRAIN AUTO.Build.0 = Release TRAIN AUTO|Win32
		{309AF14A-BEE1-4647-8D0C-BE5CFE08F234}.Release T-RESA.ActiveCfg = Release T-RESA|Win32
		{309AF14A-BEE1-4647-8D0C-BE5CFE08F234}.Release T-RESA.Build.0 = Release T-RESA|Win32
		{309AF14A-BEE1-4647-8D0C-BE5CFE08F234}.Unicode Debug.ActiveCfg = Debug|Win32
		{309AF14A-BEE1-4647-8D0C-BE5CFE08F234}.Unicode Debug.Build.0 = Debug|Win32
		{309AF14A-BEE1-4647-8D0C-BE5CFE08F234}.Unicode Release MinDependency.ActiveCfg = Debug|Win32
		{309AF14A-BEE1-4647-8D0C-BE5CFE08F234}.Unicode Release MinDependency.Build.0 = Debug|Win32
		{309AF14A-BEE1-4647-8D0C-BE5CFE08F234}.Unicode Release MinSize.ActiveCfg = Debug|Win32
		{309AF14A-BEE1-4647-8D0C-BE5CFE08F234}.Unicode Release MinSize.Build.0 = Debug|Win32
		{309AF14A-BEE1-4647-8D0C-BE5CFE08F107}.Debug ALLEO.ActiveCfg = Debug|Win32
		{309AF14A-BEE1-4647-8D0C-BE5CFE08F107}.Debug ALLEO.Build.0 = Debug|Win32
		{309AF14A-BEE1-4647-8D0C-BE5CFE08F107}.Debug SNCF.ActiveCfg = Debug|Win32
		{309AF14A-BEE1-4647-8D0C-BE5CFE08F107}.Debug SNCF.Build.0 = Debug|Win32
		{309AF14A-BEE1-4647-8D0C-BE5CFE08F107}.Debug THALYS.ActiveCfg = Debug|Win32
		{309AF14A-BEE1-4647-8D0C-BE5CFE08F107}.Debug THALYS.Build.0 = Debug|Win32
		{309AF14A-BEE1-4647-8D0C-BE5CFE08F107}.Debug TRAIN AUTO.ActiveCfg = Debug|Win32
		{309AF14A-BEE1-4647-8D0C-BE5CFE08F107}.Debug TRAIN AUTO.Build.0 = Debug|Win32
		{309AF14A-BEE1-4647-8D0C-BE5CFE08F107}.Debug T-RESA.ActiveCfg = Debug|Win32
		{309AF14A-BEE1-4647-8D0C-BE5CFE08F107}.Debug T-RESA.Build.0 = Debug|Win32
		{309AF14A-BEE1-4647-8D0C-BE5CFE08F107}.Release.ActiveCfg = Release SNCF|Win32
		{309AF14A-BEE1-4647-8D0C-BE5CFE08F107}.Release.Build.0 = Release SNCF|Win32
		{309AF14A-BEE1-4647-8D0C-BE5CFE08F107}.Release ALLEO.ActiveCfg = Release ALLEO|Win32
		{309AF14A-BEE1-4647-8D0C-BE5CFE08F107}.Release ALLEO.Build.0 = Release ALLEO|Win32
		{309AF14A-BEE1-4647-8D0C-BE5CFE08F107}.Release MinDependency.ActiveCfg = Debug|Win32
		{309AF14A-BEE1-4647-8D0C-BE5CFE08F107}.Release MinDependency.Build.0 = Debug|Win32
		{309AF14A-BEE1-4647-8D0C-BE5CFE08F107}.Release MinSize.ActiveCfg = Debug|Win32
		{309AF14A-BEE1-4647-8D0C-BE5CFE08F107}.Release MinSize.Build.0 = Debug|Win32
		{309AF14A-BEE1-4647-8D0C-BE5CFE08F107}.Release SNCF.ActiveCfg = Release SNCF|Win32
		{309AF14A-BEE1-4647-8D0C-BE5CFE08F107}.Release SNCF.Build.0 = Release SNCF|Win32
		{309AF14A-BEE1-4647-8D0C-BE5CFE08F107}.Release TRAIN AUTO.ActiveCfg = Release TRAIN AUTO|Win32
		{309AF14A-BEE1-4647-8D0C-BE5CFE08F107}.Release TRAIN AUTO.Build.0 = Release TRAIN AUTO|Win32
		{309AF14A-BEE1-4647-8D0C-BE5CFE08F107}.Release T-RESA.ActiveCfg = Release T-RESA|Win32
		{309AF14A-BEE1-4647-8D0C-BE5CFE08F107}.Release T-RESA.Build.0 = Release T-RESA|Win32
		{309AF14A-BEE1-4647-8D0C-BE5CFE08F107}.Unicode Debug.ActiveCfg = Debug|Win32
		{309AF14A-BEE1-4647-8D0C-BE5CFE08F107}.Unicode Debug.Build.0 = Debug|Win32
		{309AF14A-BEE1-4647-8D0C-BE5CFE08F107}.Unicode Release MinDependency.ActiveCfg = Debug|Win32
		{309AF14A-BEE1-4647-8D0C-BE5CFE08F107}.Unicode Release MinDependency.Build.0 = Debug|Win32
		{309AF14A-BEE1-4647-8D0C-BE5CFE08F107}.Unicode Release MinSize.ActiveCfg = Debug|Win32
		{309AF14A-BEE1-4647-8D0C-BE5CFE08F107}.Unicode Release MinSize.Build.0 = Debug|Win32
		{309AF14A-BEE1-4647-8D0C-BE5CFE08F234}.Debug ALLEO.ActiveCfg = Debug|Win32
		{309AF14A-BEE1-4647-8D0C-BE5CFE08F234}.Debug ALLEO.Build.0 = Debug|Win32
		{309AF14A-BEE1-4647-8D0C-BE5CFE08F234}.Debug SNCF.ActiveCfg = Debug|Win32
		{309AF14A-BEE1-4647-8D0C-BE5CFE08F234}.Debug SNCF.Build.0 = Debug|Win32
		{309AF14A-BEE1-4647-8D0C-BE5CFE08F234}.Debug THALYS.ActiveCfg = Debug|Win32
		{309AF14A-BEE1-4647-8D0C-BE5CFE08F234}.Debug THALYS.Build.0 = Debug|Win32
		{309AF14A-BEE1-4647-8D0C-BE5CFE08F234}.Debug TRAIN AUTO.ActiveCfg = Debug|Win32
		{309AF14A-BEE1-4647-8D0C-BE5CFE08F234}.Debug TRAIN AUTO.Build.0 = Debug|Win32
		{309AF14A-BEE1-4647-8D0C-BE5CFE08F234}.Debug T-RESA.ActiveCfg = Debug|Win32
		{309AF14A-BEE1-4647-8D0C-BE5CFE08F234}.Debug T-RESA.Build.0 = Debug|Win32
		{309AF14A-BEE1-4647-8D0C-BE5CFE08F234}.Release.ActiveCfg = Release SNCF|Win32
		{309AF14A-BEE1-4647-8D0C-BE5CFE08F234}.Release.Build.0 = Release SNCF|Win32
		{309AF14A-BEE1-4647-8D0C-BE5CFE08F234}.Release ALLEO.ActiveCfg = Release ALLEO|Win32
		{309AF14A-BEE1-4647-8D0C-BE5CFE08F234}.Release ALLEO.Build.0 = Release ALLEO|Win32
		{309AF14A-BEE1-4647-8D0C-BE5CFE08F234}.Release MinDependency.ActiveCfg = Debug|Win32
		{309AF14A-BEE1-4647-8D0C-BE5CFE08F234}.Release MinDependency.Build.0 = Debug|Win32
		{309AF14A-BEE1-4647-8D0C-BE5CFE08F234}.Release MinSize.ActiveCfg = Debug|Win32
		{309AF14A-BEE1-4647-8D0C-BE5CFE08F234}.Release MinSize.Build.0 = Debug|Win32
		{309AF14A-BEE1-4647-8D0C-BE5CFE08F234}.Release SNCF.ActiveCfg = Release SNCF|Win32
		{309AF14A-BEE1-4647-8D0C-BE5CFE08F234}.Release SNCF.Build.0 = Release SNCF|Win32
		{309AF14A-BEE1-4647-8D0C-BE5CFE08F234}.Release TRAIN AUTO.ActiveCfg = Release TRAIN AUTO|Win32
		{309AF14A-BEE1-4647-8D0C-BE5CFE08F234}.Release TRAIN AUTO.Build.0 = Release TRAIN AUTO|Win32
		{309AF14A-BEE1-4647-8D0C-BE5CFE08F234}.Release T-RESA.ActiveCfg = Release T-RESA|Win32
		{309AF14A-BEE1-4647-8D0C-BE5CFE08F234}.Release T-RESA.Build.0 = Release T-RESA|Win32
		{309AF14A-BEE1-4647-8D0C-BE5CFE08F234}.Unicode Debug.ActiveCfg = Debug|Win32
		{309AF14A-BEE1-4647-8D0C-BE5CFE08F234}.Unicode Debug.Build.0 = Debug|Win32
		{309AF14A-BEE1-4647-8D0C-BE5CFE08F234}.Unicode Release MinDependency.ActiveCfg = Debug|Win32
		{309AF14A-BEE1-4647-8D0C-BE5CFE08F234}.Unicode Release MinDependency.Build.0 = Debug|Win32
		{309AF14A-BEE1-4647-8D0C-BE5CFE08F234}.Unicode Release MinSize.ActiveCfg = Debug|Win32
		{309AF14A-BEE1-4647-8D0C-BE5CFE08F234}.Unicode Release MinSize.Build.0 = Debug|Win32
		{62A36C61-F5CE-4F62-8EB8-1B02DC540E49}.Debug ALLEO.ActiveCfg = Debug|Win32
		{62A36C61-F5CE-4F62-8EB8-1B02DC540E49}.Debug ALLEO.Build.0 = Debug|Win32
		{62A36C61-F5CE-4F62-8EB8-1B02DC540E49}.Debug SNCF.ActiveCfg = Debug|Win32
		{62A36C61-F5CE-4F62-8EB8-1B02DC540E49}.Debug SNCF.Build.0 = Debug|Win32
		{62A36C61-F5CE-4F62-8EB8-1B02DC540E49}.Debug THALYS.ActiveCfg = Debug|Win32
		{62A36C61-F5CE-4F62-8EB8-1B02DC540E49}.Debug THALYS.Build.0 = Debug|Win32
		{62A36C61-F5CE-4F62-8EB8-1B02DC540E49}.Debug TRAIN AUTO.ActiveCfg = Debug|Win32
		{62A36C61-F5CE-4F62-8EB8-1B02DC540E49}.Debug TRAIN AUTO.Build.0 = Debug|Win32
		{62A36C61-F5CE-4F62-8EB8-1B02DC540E49}.Debug T-RESA.ActiveCfg = Debug|Win32
		{62A36C61-F5CE-4F62-8EB8-1B02DC540E49}.Debug T-RESA.Build.0 = Debug|Win32
		{62A36C61-F5CE-4F62-8EB8-1B02DC540E49}.Release.ActiveCfg = Release SNCF|Win32
		{62A36C61-F5CE-4F62-8EB8-1B02DC540E49}.Release.Build.0 = Release SNCF|Win32
		{62A36C61-F5CE-4F62-8EB8-1B02DC540E49}.Release ALLEO.ActiveCfg = Release ALLEO|Win32
		{62A36C61-F5CE-4F62-8EB8-1B02DC540E49}.Release ALLEO.Build.0 = Release ALLEO|Win32
		{62A36C61-F5CE-4F62-8EB8-1B02DC540E49}.Release MinDependency.ActiveCfg = Debug|Win32
		{62A36C61-F5CE-4F62-8EB8-1B02DC540E49}.Release MinDependency.Build.0 = Debug|Win32
		{62A36C61-F5CE-4F62-8EB8-1B02DC540E49}.Release MinSize.ActiveCfg = Debug|Win32
		{62A36C61-F5CE-4F62-8EB8-1B02DC540E49}.Release MinSize.Build.0 = Debug|Win32
		{62A36C61-F5CE-4F62-8EB8-1B02DC540E49}.Release SNCF.ActiveCfg = Release SNCF|Win32
		{62A36C61-F5CE-4F62-8EB8-1B02DC540E49}.Release SNCF.Build.0 = Release SNCF|Win32
		{62A36C61-F5CE-4F62-8EB8-1B02DC540E49}.Release TRAIN AUTO.ActiveCfg = Release TRAIN AUTO|Win32
		{62A36C61-F5CE-4F62-8EB8-1B02DC540E49}.Release TRAIN AUTO.Build.0 = Release TRAIN AUTO|Win32
		{62A36C61-F5CE-4F62-8EB8-1B02DC540E49}.Release T-RESA.ActiveCfg = Release T-RESA|Win32
		{62A36C61-F5CE-4F62-8EB8-1B02DC540E49}.Release T-RESA.Build.0 = Release T-RESA|Win32
		{62A36C61-F5CE-4F62-8EB8-1B02DC540E49}.Unicode Debug.ActiveCfg = Debug|Win32
		{62A36C61-F5CE-4F62-8EB8-1B02DC540E49}.Unicode Debug.Build.0 = Debug|Win32
		{62A36C61-F5CE-4F62-8EB8-1B02DC540E49}.Unicode Release MinDependency.ActiveCfg = Debug|Win32
		{62A36C61-F5CE-4F62-8EB8-1B02DC540E49}.Unicode Release MinDependency.Build.0 = Debug|Win32
		{62A36C61-F5CE-4F62-8EB8-1B02DC540E49}.Unicode Release MinSize.ActiveCfg = Debug|Win32
		{62A36C61-F5CE-4F62-8EB8-1B02DC540E49}.Unicode Release MinSize.Build.0 = Debug|Win32
		{724E4E14-40F9-4137-AE1B-436355F10FC0}.Debug ALLEO.ActiveCfg = Debug|Win32
		{724E4E14-40F9-4137-AE1B-436355F10FC0}.Debug ALLEO.Build.0 = Debug|Win32
		{724E4E14-40F9-4137-AE1B-436355F10FC0}.Debug SNCF.ActiveCfg = Debug|Win32
		{724E4E14-40F9-4137-AE1B-436355F10FC0}.Debug SNCF.Build.0 = Debug|Win32
		{724E4E14-40F9-4137-AE1B-436355F10FC0}.Debug THALYS.ActiveCfg = Debug|Win32
		{724E4E14-40F9-4137-AE1B-436355F10FC0}.Debug THALYS.Build.0 = Debug|Win32
		{724E4E14-40F9-4137-AE1B-436355F10FC0}.Debug TRAIN AUTO.ActiveCfg = Debug|Win32
		{724E4E14-40F9-4137-AE1B-436355F10FC0}.Debug TRAIN AUTO.Build.0 = Debug|Win32
		{724E4E14-40F9-4137-AE1B-436355F10FC0}.Debug T-RESA.ActiveCfg = Debug|Win32
		{724E4E14-40F9-4137-AE1B-436355F10FC0}.Debug T-RESA.Build.0 = Debug|Win32
		{724E4E14-40F9-4137-AE1B-436355F10FC0}.Release.ActiveCfg = Release SNCF|Win32
		{724E4E14-40F9-4137-AE1B-436355F10FC0}.Release.Build.0 = Release SNCF|Win32
		{724E4E14-40F9-4137-AE1B-436355F10FC0}.Release ALLEO.ActiveCfg = Release ALLEO|Win32
		{724E4E14-40F9-4137-AE1B-436355F10FC0}.Release ALLEO.Build.0 = Release ALLEO|Win32
		{724E4E14-40F9-4137-AE1B-436355F10FC0}.Release MinDependency.ActiveCfg = Debug|Win32
		{724E4E14-40F9-4137-AE1B-436355F10FC0}.Release MinDependency.Build.0 = Debug|Win32
		{724E4E14-40F9-4137-AE1B-436355F10FC0}.Release MinSize.ActiveCfg = Debug|Win32
		{724E4E14-40F9-4137-AE1B-436355F10FC0}.Release MinSize.Build.0 = Debug|Win32
		{724E4E14-40F9-4137-AE1B-436355F10FC0}.Release SNCF.ActiveCfg = Release SNCF|Win32
		{724E4E14-40F9-4137-AE1B-436355F10FC0}.Release SNCF.Build.0 = Release SNCF|Win32
		{724E4E14-40F9-4137-AE1B-436355F10FC0}.Release TRAIN AUTO.ActiveCfg = Release TRAIN AUTO|Win32
		{724E4E14-40F9-4137-AE1B-436355F10FC0}.Release TRAIN AUTO.Build.0 = Release TRAIN AUTO|Win32
		{724E4E14-40F9-4137-AE1B-436355F10FC0}.Release T-RESA.ActiveCfg = Release T-RESA|Win32
		{724E4E14-40F9-4137-AE1B-436355F10FC0}.Release T-RESA.Build.0 = Release T-RESA|Win32
		{724E4E14-40F9-4137-AE1B-436355F10FC0}.Unicode Debug.ActiveCfg = Debug|Win32
		{724E4E14-40F9-4137-AE1B-436355F10FC0}.Unicode Debug.Build.0 = Debug|Win32
		{724E4E14-40F9-4137-AE1B-436355F10FC0}.Unicode Release MinDependency.ActiveCfg = Debug|Win32
		{724E4E14-40F9-4137-AE1B-436355F10FC0}.Unicode Release MinDependency.Build.0 = Debug|Win32
		{724E4E14-40F9-4137-AE1B-436355F10FC0}.Unicode Release MinSize.ActiveCfg = Debug|Win32
		{724E4E14-40F9-4137-AE1B-436355F10FC0}.Unicode Release MinSize.Build.0 = Debug|Win32
		{B4851587-DFF7-46C2-AACC-058C26E0BB3B}.Debug ALLEO.ActiveCfg = Debug|Win32
		{B4851587-DFF7-46C2-AACC-058C26E0BB3B}.Debug ALLEO.Build.0 = Debug|Win32
		{B4851587-DFF7-46C2-AACC-058C26E0BB3B}.Debug SNCF.ActiveCfg = Debug|Win32
		{B4851587-DFF7-46C2-AACC-058C26E0BB3B}.Debug SNCF.Build.0 = Debug|Win32
		{B4851587-DFF7-46C2-AACC-058C26E0BB3B}.Debug THALYS.ActiveCfg = Debug|Win32
		{B4851587-DFF7-46C2-AACC-058C26E0BB3B}.Debug THALYS.Build.0 = Debug|Win32
		{B4851587-DFF7-46C2-AACC-058C26E0BB3B}.Debug TRAIN AUTO.ActiveCfg = Debug|Win32
		{B4851587-DFF7-46C2-AACC-058C26E0BB3B}.Debug TRAIN AUTO.Build.0 = Debug|Win32
		{B4851587-DFF7-46C2-AACC-058C26E0BB3B}.Debug T-RESA.ActiveCfg = Debug|Win32
		{B4851587-DFF7-46C2-AACC-058C26E0BB3B}.Debug T-RESA.Build.0 = Debug|Win32
		{B4851587-DFF7-46C2-AACC-058C26E0BB3B}.Release.ActiveCfg = Release SNCF|Win32
		{B4851587-DFF7-46C2-AACC-058C26E0BB3B}.Release.Build.0 = Release SNCF|Win32
		{B4851587-DFF7-46C2-AACC-058C26E0BB3B}.Release ALLEO.ActiveCfg = Release ALLEO|Win32
		{B4851587-DFF7-46C2-AACC-058C26E0BB3B}.Release ALLEO.Build.0 = Release ALLEO|Win32
		{B4851587-DFF7-46C2-AACC-058C26E0BB3B}.Release MinDependency.ActiveCfg = Debug|Win32
		{B4851587-DFF7-46C2-AACC-058C26E0BB3B}.Release MinDependency.Build.0 = Debug|Win32
		{B4851587-DFF7-46C2-AACC-058C26E0BB3B}.Release MinSize.ActiveCfg = Debug|Win32
		{B4851587-DFF7-46C2-AACC-058C26E0BB3B}.Release MinSize.Build.0 = Debug|Win32
		{B4851587-DFF7-46C2-AACC-058C26E0BB3B}.Release SNCF.ActiveCfg = Release SNCF|Win32
		{B4851587-DFF7-46C2-AACC-058C26E0BB3B}.Release SNCF.Build.0 = Release SNCF|Win32
		{B4851587-DFF7-46C2-AACC-058C26E0BB3B}.Release TRAIN AUTO.ActiveCfg = Release TRAIN AUTO|Win32
		{B4851587-DFF7-46C2-AACC-058C26E0BB3B}.Release TRAIN AUTO.Build.0 = Release TRAIN AUTO|Win32
		{B4851587-DFF7-46C2-AACC-058C26E0BB3B}.Release T-RESA.ActiveCfg = Release T-RESA|Win32
		{B4851587-DFF7-46C2-AACC-058C26E0BB3B}.Release T-RESA.Build.0 = Release T-RESA|Win32
		{B4851587-DFF7-46C2-AACC-058C26E0BB3B}.Unicode Debug.ActiveCfg = Debug|Win32
		{B4851587-DFF7-46C2-AACC-058C26E0BB3B}.Unicode Debug.Build.0 = Debug|Win32
		{B4851587-DFF7-46C2-AACC-058C26E0BB3B}.Unicode Release MinDependency.ActiveCfg = Debug|Win32
		{B4851587-DFF7-46C2-AACC-058C26E0BB3B}.Unicode Release MinDependency.Build.0 = Debug|Win32
		{B4851587-DFF7-46C2-AACC-058C26E0BB3B}.Unicode Release MinSize.ActiveCfg = Debug|Win32
		{B4851587-DFF7-46C2-AACC-058C26E0BB3B}.Unicode Release MinSize.Build.0 = Debug|Win32
		{6F78CFC0-A207-4FA3-B718-FF43BFF0392C}.Debug ALLEO.ActiveCfg = Debug|Win32
		{6F78CFC0-A207-4FA3-B718-FF43BFF0392C}.Debug ALLEO.Build.0 = Debug|Win32
		{6F78CFC0-A207-4FA3-B718-FF43BFF0392C}.Debug SNCF.ActiveCfg = Debug|Win32
		{6F78CFC0-A207-4FA3-B718-FF43BFF0392C}.Debug SNCF.Build.0 = Debug|Win32
		{6F78CFC0-A207-4FA3-B718-FF43BFF0392C}.Debug THALYS.ActiveCfg = Debug|Win32
		{6F78CFC0-A207-4FA3-B718-FF43BFF0392C}.Debug THALYS.Build.0 = Debug|Win32
		{6F78CFC0-A207-4FA3-B718-FF43BFF0392C}.Debug TRAIN AUTO.ActiveCfg = Debug|Win32
		{6F78CFC0-A207-4FA3-B718-FF43BFF0392C}.Debug TRAIN AUTO.Build.0 = Debug|Win32
		{6F78CFC0-A207-4FA3-B718-FF43BFF0392C}.Debug T-RESA.ActiveCfg = Debug|Win32
		{6F78CFC0-A207-4FA3-B718-FF43BFF0392C}.Debug T-RESA.Build.0 = Debug|Win32
		{6F78CFC0-A207-4FA3-B718-FF43BFF0392C}.Release.ActiveCfg = Release SNCF|Win32
		{6F78CFC0-A207-4FA3-B718-FF43BFF0392C}.Release.Build.0 = Release SNCF|Win32
		{6F78CFC0-A207-4FA3-B718-FF43BFF0392C}.Release ALLEO.ActiveCfg = Release ALLEO|Win32
		{6F78CFC0-A207-4FA3-B718-FF43BFF0392C}.Release ALLEO.Build.0 = Release ALLEO|Win32
		{6F78CFC0-A207-4FA3-B718-FF43BFF0392C}.Release MinDependency.ActiveCfg = Release|Win32
		{6F78CFC0-A207-4FA3-B718-FF43BFF0392C}.Release MinDependency.Build.0 = Release|Win32
		{6F78CFC0-A207-4FA3-B718-FF43BFF0392C}.Release MinSize.ActiveCfg = Release|Win32
		{6F78CFC0-A207-4FA3-B718-FF43BFF0392C}.Release MinSize.Build.0 = Release|Win32
		{6F78CFC0-A207-4FA3-B718-FF43BFF0392C}.Release SNCF.ActiveCfg = Release SNCF|Win32
		{6F78CFC0-A207-4FA3-B718-FF43BFF0392C}.Release SNCF.Build.0 = Release SNCF|Win32
		{6F78CFC0-A207-4FA3-B718-FF43BFF0392C}.Release TRAIN AUTO.ActiveCfg = Release TRAIN AUTO|Win32
		{6F78CFC0-A207-4FA3-B718-FF43BFF0392C}.Release TRAIN AUTO.Build.0 = Release TRAIN AUTO|Win32
		{6F78CFC0-A207-4FA3-B718-FF43BFF0392C}.Release T-RESA.ActiveCfg = Release T-RESA|Win32
		{6F78CFC0-A207-4FA3-B718-FF43BFF0392C}.Release T-RESA.Build.0 = Release T-RESA|Win32
		{6F78CFC0-A207-4FA3-B718-FF43BFF0392C}.Unicode Debug.ActiveCfg = Debug|Win32
		{6F78CFC0-A207-4FA3-B718-FF43BFF0392C}.Unicode Debug.Build.0 = Debug|Win32
		{6F78CFC0-A207-4FA3-B718-FF43BFF0392C}.Unicode Release MinDependency.ActiveCfg = Release|Win32
		{6F78CFC0-A207-4FA3-B718-FF43BFF0392C}.Unicode Release MinDependency.Build.0 = Release|Win32
		{6F78CFC0-A207-4FA3-B718-FF43BFF0392C}.Unicode Release MinSize.ActiveCfg = Release|Win32
		{6F78CFC0-A207-4FA3-B718-FF43BFF0392C}.Unicode Release MinSize.Build.0 = Release|Win32
	EndGlobalSection
	GlobalSection(ExtensibilityGlobals) = postSolution
	EndGlobalSection
	GlobalSection(ExtensibilityAddIns) = postSolution
	EndGlobalSection
EndGlobal
